
Microsoft Visual Studio Solution File, Format Version 12.00
# Visual Studio Version 17
VisualStudioVersion = 17.1.32210.238
MinimumVisualStudioVersion = 10.0.40219.1
Project("{FAE04EC0-301F-11D3-BF4B-00C04F79EFBC}") = "text_to_speech_converter", "text_to_speech_converter.csproj", "{EFDB0F22-143D-4B96-A05A-99DA7AB5AE1D}"
EndProject
Global
	GlobalSection(SolutionConfigurationPlatforms) = preSolution
		Debug|Any CPU = Debug|Any CPU
		Release|Any CPU = Release|Any CPU
	EndGlobalSection
	GlobalSection(ProjectConfigurationPlatforms) = postSolution
		{EFDB0F22-143D-4B96-A05A-99DA7AB5AE1D}.Debug|Any CPU.ActiveCfg = Debug|Any CPU
		{EFDB0F22-143D-4B96-A05A-99DA7AB5AE1D}.Debug|Any CPU.Build.0 = Debug|Any CPU
		{EFDB0F22-143D-4B96-A05A-99DA7AB5AE1D}.Release|Any CPU.ActiveCfg = Release|Any CPU
		{EFDB0F22-143D-4B96-A05A-99DA7AB5AE1D}.Release|Any CPU.Build.0 = Release|Any CPU
	EndGlobalSection
	GlobalSection(SolutionProperties) = preSolution
		HideSolutionNode = FALSE
	EndGlobalSection
	GlobalSection(ExtensibilityGlobals) = postSolution
		SolutionGuid = {4FA46951-5D70-4D46-960E-7C07F242A6BE}
	EndGlobalSection
EndGlobal
